// !$*UTF8*$!
{
	archiveVersion = 1;
	classes = {
	};
	objectVersion = 56;
	objects = {

/* Begin PBXBuildFile section */
		8066DC762AA9DFB9003EB4B6 /* AppDelegate.swift in Sources */ = {isa = PBXBuildFile; fileRef = 8066DC752AA9DFB9003EB4B6 /* AppDelegate.swift */; };
		8066DC782AA9DFB9003EB4B6 /* SceneDelegate.swift in Sources */ = {isa = PBXBuildFile; fileRef = 8066DC772AA9DFB9003EB4B6 /* SceneDelegate.swift */; };
		8066DC7A2AA9DFB9003EB4B6 /* ViewController.swift in Sources */ = {isa = PBXBuildFile; fileRef = 8066DC792AA9DFB9003EB4B6 /* ViewController.swift */; };
		8066DC7D2AA9DFB9003EB4B6 /* Main.storyboard in Resources */ = {isa = PBXBuildFile; fileRef = 8066DC7B2AA9DFB9003EB4B6 /* Main.storyboard */; };
		8066DC7F2AA9DFBA003EB4B6 /* Assets.xcassets in Resources */ = {isa = PBXBuildFile; fileRef = 8066DC7E2AA9DFBA003EB4B6 /* Assets.xcassets */; };
		8066DC822AA9DFBA003EB4B6 /* LaunchScreen.storyboard in Resources */ = {isa = PBXBuildFile; fileRef = 8066DC802AA9DFBA003EB4B6 /* LaunchScreen.storyboard */; };
		8066DC8D2AA9E4DD003EB4B6 /* .gitignore in Resources */ = {isa = PBXBuildFile; fileRef = 8066DC8C2AA9E4DD003EB4B6 /* .gitignore */; };
		8066DC8F2AA9E55B003EB4B6 /* APIKey.swift in Sources */ = {isa = PBXBuildFile; fileRef = 8066DC8E2AA9E55B003EB4B6 /* APIKey.swift */; };
		8066DC942AA9F0C7003EB4B6 /* LikeViewController.swift in Sources */ = {isa = PBXBuildFile; fileRef = 8066DC932AA9F0C7003EB4B6 /* LikeViewController.swift */; };
		8066DC962AAA1FE6003EB4B6 /* CustomButton.swift in Sources */ = {isa = PBXBuildFile; fileRef = 8066DC952AAA1FE6003EB4B6 /* CustomButton.swift */; };
		8066DC9B2AAA2F41003EB4B6 /* ReusableViewProtocol.swift in Sources */ = {isa = PBXBuildFile; fileRef = 8066DC9A2AAA2F41003EB4B6 /* ReusableViewProtocol.swift */; };
		8066DC9D2AAA32D3003EB4B6 /* BaseCollectionViewCell.swift in Sources */ = {isa = PBXBuildFile; fileRef = 8066DC9C2AAA32D3003EB4B6 /* BaseCollectionViewCell.swift */; };
		8066DC9F2AAA334C003EB4B6 /* ShopingListCollectionViewCell.swift in Sources */ = {isa = PBXBuildFile; fileRef = 8066DC9E2AAA334C003EB4B6 /* ShopingListCollectionViewCell.swift */; };
		8066DCA62AAAEABE003EB4B6 /* ShopingAPIManager.swift in Sources */ = {isa = PBXBuildFile; fileRef = 8066DCA52AAAEABE003EB4B6 /* ShopingAPIManager.swift */; };
		8066DCA82AAAECE4003EB4B6 /* URL+Extension.swift in Sources */ = {isa = PBXBuildFile; fileRef = 8066DCA72AAAECE4003EB4B6 /* URL+Extension.swift */; };
		8066DCAA2AAAF09D003EB4B6 /* Shoping.swift in Sources */ = {isa = PBXBuildFile; fileRef = 8066DCA92AAAF09D003EB4B6 /* Shoping.swift */; };
		8066DCB12AAC4DF6003EB4B6 /* Realm in Frameworks */ = {isa = PBXBuildFile; productRef = 8066DCB02AAC4DF6003EB4B6 /* Realm */; };
		8066DCB32AAC4DF6003EB4B6 /* RealmSwift in Frameworks */ = {isa = PBXBuildFile; productRef = 8066DCB22AAC4DF6003EB4B6 /* RealmSwift */; };
		8066DCB52AAC4E28003EB4B6 /* ShoppingTable.swift in Sources */ = {isa = PBXBuildFile; fileRef = 8066DCB42AAC4E28003EB4B6 /* ShoppingTable.swift */; };
/* End PBXBuildFile section */

/* Begin PBXFileReference section */
		8066DC722AA9DFB9003EB4B6 /* secondRecapAssignment.app */ = {isa = PBXFileReference; explicitFileType = wrapper.application; includeInIndex = 0; path = secondRecapAssignment.app; sourceTree = BUILT_PRODUCTS_DIR; };
		8066DC752AA9DFB9003EB4B6 /* AppDelegate.swift */ = {isa = PBXFileReference; lastKnownFileType = sourcecode.swift; path = AppDelegate.swift; sourceTree = "<group>"; };
		8066DC772AA9DFB9003EB4B6 /* SceneDelegate.swift */ = {isa = PBXFileReference; lastKnownFileType = sourcecode.swift; path = SceneDelegate.swift; sourceTree = "<group>"; };
		8066DC792AA9DFB9003EB4B6 /* ViewController.swift */ = {isa = PBXFileReference; lastKnownFileType = sourcecode.swift; path = ViewController.swift; sourceTree = "<group>"; };
		8066DC7C2AA9DFB9003EB4B6 /* Base */ = {isa = PBXFileReference; lastKnownFileType = file.storyboard; name = Base; path = Base.lproj/Main.storyboard; sourceTree = "<group>"; };
		8066DC7E2AA9DFBA003EB4B6 /* Assets.xcassets */ = {isa = PBXFileReference; lastKnownFileType = folder.assetcatalog; path = Assets.xcassets; sourceTree = "<group>"; };
		8066DC812AA9DFBA003EB4B6 /* Base */ = {isa = PBXFileReference; lastKnownFileType = file.storyboard; name = Base; path = Base.lproj/LaunchScreen.storyboard; sourceTree = "<group>"; };
		8066DC832AA9DFBA003EB4B6 /* Info.plist */ = {isa = PBXFileReference; lastKnownFileType = text.plist.xml; path = Info.plist; sourceTree = "<group>"; };
		8066DC8C2AA9E4DD003EB4B6 /* .gitignore */ = {isa = PBXFileReference; lastKnownFileType = text; path = .gitignore; sourceTree = "<group>"; };
		8066DC8E2AA9E55B003EB4B6 /* APIKey.swift */ = {isa = PBXFileReference; lastKnownFileType = sourcecode.swift; path = APIKey.swift; sourceTree = "<group>"; };
		8066DC932AA9F0C7003EB4B6 /* LikeViewController.swift */ = {isa = PBXFileReference; lastKnownFileType = sourcecode.swift; path = LikeViewController.swift; sourceTree = "<group>"; };
		8066DC952AAA1FE6003EB4B6 /* CustomButton.swift */ = {isa = PBXFileReference; lastKnownFileType = sourcecode.swift; path = CustomButton.swift; sourceTree = "<group>"; };
		8066DC9A2AAA2F41003EB4B6 /* ReusableViewProtocol.swift */ = {isa = PBXFileReference; lastKnownFileType = sourcecode.swift; path = ReusableViewProtocol.swift; sourceTree = "<group>"; };
		8066DC9C2AAA32D3003EB4B6 /* BaseCollectionViewCell.swift */ = {isa = PBXFileReference; lastKnownFileType = sourcecode.swift; path = BaseCollectionViewCell.swift; sourceTree = "<group>"; };
		8066DC9E2AAA334C003EB4B6 /* ShopingListCollectionViewCell.swift */ = {isa = PBXFileReference; lastKnownFileType = sourcecode.swift; path = ShopingListCollectionViewCell.swift; sourceTree = "<group>"; };
		8066DCA52AAAEABE003EB4B6 /* ShopingAPIManager.swift */ = {isa = PBXFileReference; lastKnownFileType = sourcecode.swift; path = ShopingAPIManager.swift; sourceTree = "<group>"; };
		8066DCA72AAAECE4003EB4B6 /* URL+Extension.swift */ = {isa = PBXFileReference; lastKnownFileType = sourcecode.swift; path = "URL+Extension.swift"; sourceTree = "<group>"; };
		8066DCA92AAAF09D003EB4B6 /* Shoping.swift */ = {isa = PBXFileReference; lastKnownFileType = sourcecode.swift; path = Shoping.swift; sourceTree = "<group>"; };
		8066DCB42AAC4E28003EB4B6 /* ShoppingTable.swift */ = {isa = PBXFileReference; lastKnownFileType = sourcecode.swift; path = ShoppingTable.swift; sourceTree = "<group>"; };
/* End PBXFileReference section */

/* Begin PBXFrameworksBuildPhase section */
		8066DC6F2AA9DFB9003EB4B6 /* Frameworks */ = {
			isa = PBXFrameworksBuildPhase;
			buildActionMask = 2147483647;
			files = (
				8066DCB32AAC4DF6003EB4B6 /* RealmSwift in Frameworks */,
				8066DCB12AAC4DF6003EB4B6 /* Realm in Frameworks */,
			);
			runOnlyForDeploymentPostprocessing = 0;
		};
/* End PBXFrameworksBuildPhase section */

/* Begin PBXGroup section */
		8066DC692AA9DFB9003EB4B6 = {
			isa = PBXGroup;
			children = (
				8066DC8C2AA9E4DD003EB4B6 /* .gitignore */,
				8066DC742AA9DFB9003EB4B6 /* secondRecapAssignment */,
				8066DC732AA9DFB9003EB4B6 /* Products */,
			);
			sourceTree = "<group>";
		};
		8066DC732AA9DFB9003EB4B6 /* Products */ = {
			isa = PBXGroup;
			children = (
				8066DC722AA9DFB9003EB4B6 /* secondRecapAssignment.app */,
			);
			name = Products;
			sourceTree = "<group>";
		};
		8066DC742AA9DFB9003EB4B6 /* secondRecapAssignment */ = {
			isa = PBXGroup;
			children = (
				8066DCAB2AAAF0A5003EB4B6 /* Network */,
				8066DC752AA9DFB9003EB4B6 /* AppDelegate.swift */,
				8066DC772AA9DFB9003EB4B6 /* SceneDelegate.swift */,
				8066DC932AA9F0C7003EB4B6 /* LikeViewController.swift */,
				8066DC792AA9DFB9003EB4B6 /* ViewController.swift */,
				8066DC9E2AAA334C003EB4B6 /* ShopingListCollectionViewCell.swift */,
				8066DC9C2AAA32D3003EB4B6 /* BaseCollectionViewCell.swift */,
				8066DC952AAA1FE6003EB4B6 /* CustomButton.swift */,
				8066DC7B2AA9DFB9003EB4B6 /* Main.storyboard */,
				8066DC7E2AA9DFBA003EB4B6 /* Assets.xcassets */,
				8066DC802AA9DFBA003EB4B6 /* LaunchScreen.storyboard */,
				8066DC832AA9DFBA003EB4B6 /* Info.plist */,
				8066DC9A2AAA2F41003EB4B6 /* ReusableViewProtocol.swift */,
				8066DCB42AAC4E28003EB4B6 /* ShoppingTable.swift */,
				8066DC8E2AA9E55B003EB4B6 /* APIKey.swift */,
			);
			path = secondRecapAssignment;
			sourceTree = "<group>";
		};
		8066DCAB2AAAF0A5003EB4B6 /* Network */ = {
			isa = PBXGroup;
			children = (
				8066DCA52AAAEABE003EB4B6 /* ShopingAPIManager.swift */,
				8066DCA92AAAF09D003EB4B6 /* Shoping.swift */,
				8066DCA72AAAECE4003EB4B6 /* URL+Extension.swift */,
			);
			path = Network;
			sourceTree = "<group>";
		};
/* End PBXGroup section */

/* Begin PBXNativeTarget section */
		8066DC712AA9DFB9003EB4B6 /* secondRecapAssignment */ = {
			isa = PBXNativeTarget;
			buildConfigurationList = 8066DC862AA9DFBA003EB4B6 /* Build configuration list for PBXNativeTarget "secondRecapAssignment" */;
			buildPhases = (
				8066DC6E2AA9DFB9003EB4B6 /* Sources */,
				8066DC6F2AA9DFB9003EB4B6 /* Frameworks */,
				8066DC702AA9DFB9003EB4B6 /* Resources */,
			);
			buildRules = (
			);
			dependencies = (
			);
			name = secondRecapAssignment;
			packageProductDependencies = (
				8066DCB02AAC4DF6003EB4B6 /* Realm */,
				8066DCB22AAC4DF6003EB4B6 /* RealmSwift */,
			);
			productName = secondRecapAssignment;
			productReference = 8066DC722AA9DFB9003EB4B6 /* secondRecapAssignment.app */;
			productType = "com.apple.product-type.application";
		};
/* End PBXNativeTarget section */

/* Begin PBXProject section */
		8066DC6A2AA9DFB9003EB4B6 /* Project object */ = {
			isa = PBXProject;
			attributes = {
				BuildIndependentTargetsInParallel = 1;
				LastSwiftUpdateCheck = 1430;
				LastUpgradeCheck = 1430;
				TargetAttributes = {
					8066DC712AA9DFB9003EB4B6 = {
						CreatedOnToolsVersion = 14.3.1;
					};
				};
			};
			buildConfigurationList = 8066DC6D2AA9DFB9003EB4B6 /* Build configuration list for PBXProject "secondRecapAssignment" */;
			compatibilityVersion = "Xcode 14.0";
			developmentRegion = en;
			hasScannedForEncodings = 0;
			knownRegions = (
				en,
				Base,
			);
			mainGroup = 8066DC692AA9DFB9003EB4B6;
			packageReferences = (
				8066DCAF2AAC4DF6003EB4B6 /* XCRemoteSwiftPackageReference "realm-swift" */,
			);
			productRefGroup = 8066DC732AA9DFB9003EB4B6 /* Products */;
			projectDirPath = "";
			projectRoot = "";
			targets = (
				8066DC712AA9DFB9003EB4B6 /* secondRecapAssignment */,
			);
		};
/* End PBXProject section */

/* Begin PBXResourcesBuildPhase section */
		8066DC702AA9DFB9003EB4B6 /* Resources */ = {
			isa = PBXResourcesBuildPhase;
			buildActionMask = 2147483647;
			files = (
				8066DC8D2AA9E4DD003EB4B6 /* .gitignore in Resources */,
				8066DC822AA9DFBA003EB4B6 /* LaunchScreen.storyboard in Resources */,
				8066DC7F2AA9DFBA003EB4B6 /* Assets.xcassets in Resources */,
				8066DC7D2AA9DFB9003EB4B6 /* Main.storyboard in Resources */,
			);
			runOnlyForDeploymentPostprocessing = 0;
		};
/* End PBXResourcesBuildPhase section */

/* Begin PBXSourcesBuildPhase section */
		8066DC6E2AA9DFB9003EB4B6 /* Sources */ = {
			isa = PBXSourcesBuildPhase;
			buildActionMask = 2147483647;
			files = (
				8066DC7A2AA9DFB9003EB4B6 /* ViewController.swift in Sources */,
				8066DC9D2AAA32D3003EB4B6 /* BaseCollectionViewCell.swift in Sources */,
				8066DC9F2AAA334C003EB4B6 /* ShopingListCollectionViewCell.swift in Sources */,
				8066DCA82AAAECE4003EB4B6 /* URL+Extension.swift in Sources */,
				8066DCAA2AAAF09D003EB4B6 /* Shoping.swift in Sources */,
				8066DC762AA9DFB9003EB4B6 /* AppDelegate.swift in Sources */,
				8066DCB52AAC4E28003EB4B6 /* ShoppingTable.swift in Sources */,
				8066DC962AAA1FE6003EB4B6 /* CustomButton.swift in Sources */,
				8066DCA62AAAEABE003EB4B6 /* ShopingAPIManager.swift in Sources */,
				8066DC8F2AA9E55B003EB4B6 /* APIKey.swift in Sources */,
				8066DC9B2AAA2F41003EB4B6 /* ReusableViewProtocol.swift in Sources */,
				8066DC782AA9DFB9003EB4B6 /* SceneDelegate.swift in Sources */,
				8066DC942AA9F0C7003EB4B6 /* LikeViewController.swift in Sources */,
			);
			runOnlyForDeploymentPostprocessing = 0;
		};
/* End PBXSourcesBuildPhase section */

/* Begin PBXVariantGroup section */
		8066DC7B2AA9DFB9003EB4B6 /* Main.storyboard */ = {
			isa = PBXVariantGroup;
			children = (
				8066DC7C2AA9DFB9003EB4B6 /* Base */,
			);
			name = Main.storyboard;
			sourceTree = "<group>";
		};
		8066DC802AA9DFBA003EB4B6 /* LaunchScreen.storyboard */ = {
			isa = PBXVariantGroup;
			children = (
				8066DC812AA9DFBA003EB4B6 /* Base */,
			);
			name = LaunchScreen.storyboard;
			sourceTree = "<group>";
		};
/* End PBXVariantGroup section */

/* Begin XCBuildConfiguration section */
		8066DC842AA9DFBA003EB4B6 /* Debug */ = {
			isa = XCBuildConfiguration;
			buildSettings = {
				ALWAYS_SEARCH_USER_PATHS = NO;
				CLANG_ANALYZER_NONNULL = YES;
				CLANG_ANALYZER_NUMBER_OBJECT_CONVERSION = YES_AGGRESSIVE;
				CLANG_CXX_LANGUAGE_STANDARD = "gnu++20";
				CLANG_ENABLE_MODULES = YES;
				CLANG_ENABLE_OBJC_ARC = YES;
				CLANG_ENABLE_OBJC_WEAK = YES;
				CLANG_WARN_BLOCK_CAPTURE_AUTORELEASING = YES;
				CLANG_WARN_BOOL_CONVERSION = YES;
				CLANG_WARN_COMMA = YES;
				CLANG_WARN_CONSTANT_CONVERSION = YES;
				CLANG_WARN_DEPRECATED_OBJC_IMPLEMENTATIONS = YES;
				CLANG_WARN_DIRECT_OBJC_ISA_USAGE = YES_ERROR;
				CLANG_WARN_DOCUMENTATION_COMMENTS = YES;
				CLANG_WARN_EMPTY_BODY = YES;
				CLANG_WARN_ENUM_CONVERSION = YES;
				CLANG_WARN_INFINITE_RECURSION = YES;
				CLANG_WARN_INT_CONVERSION = YES;
				CLANG_WARN_NON_LITERAL_NULL_CONVERSION = YES;
				CLANG_WARN_OBJC_IMPLICIT_RETAIN_SELF = YES;
				CLANG_WARN_OBJC_LITERAL_CONVERSION = YES;
				CLANG_WARN_OBJC_ROOT_CLASS = YES_ERROR;
				CLANG_WARN_QUOTED_INCLUDE_IN_FRAMEWORK_HEADER = YES;
				CLANG_WARN_RANGE_LOOP_ANALYSIS = YES;
				CLANG_WARN_STRICT_PROTOTYPES = YES;
				CLANG_WARN_SUSPICIOUS_MOVE = YES;
				CLANG_WARN_UNGUARDED_AVAILABILITY = YES_AGGRESSIVE;
				CLANG_WARN_UNREACHABLE_CODE = YES;
				CLANG_WARN__DUPLICATE_METHOD_MATCH = YES;
				COPY_PHASE_STRIP = NO;
				DEBUG_INFORMATION_FORMAT = dwarf;
				ENABLE_STRICT_OBJC_MSGSEND = YES;
				ENABLE_TESTABILITY = YES;
				GCC_C_LANGUAGE_STANDARD = gnu11;
				GCC_DYNAMIC_NO_PIC = NO;
				GCC_NO_COMMON_BLOCKS = YES;
				GCC_OPTIMIZATION_LEVEL = 0;
				GCC_PREPROCESSOR_DEFINITIONS = (
					"DEBUG=1",
					"$(inherited)",
				);
				GCC_WARN_64_TO_32_BIT_CONVERSION = YES;
				GCC_WARN_ABOUT_RETURN_TYPE = YES_ERROR;
				GCC_WARN_UNDECLARED_SELECTOR = YES;
				GCC_WARN_UNINITIALIZED_AUTOS = YES_AGGRESSIVE;
				GCC_WARN_UNUSED_FUNCTION = YES;
				GCC_WARN_UNUSED_VARIABLE = YES;
				IPHONEOS_DEPLOYMENT_TARGET = 16.4;
				MTL_ENABLE_DEBUG_INFO = INCLUDE_SOURCE;
				MTL_FAST_MATH = YES;
				ONLY_ACTIVE_ARCH = YES;
				SDKROOT = iphoneos;
				SWIFT_ACTIVE_COMPILATION_CONDITIONS = DEBUG;
				SWIFT_OPTIMIZATION_LEVEL = "-Onone";
			};
			name = Debug;
		};
		8066DC852AA9DFBA003EB4B6 /* Release */ = {
			isa = XCBuildConfiguration;
			buildSettings = {
				ALWAYS_SEARCH_USER_PATHS = NO;
				CLANG_ANALYZER_NONNULL = YES;
				CLANG_ANALYZER_NUMBER_OBJECT_CONVERSION = YES_AGGRESSIVE;
				CLANG_CXX_LANGUAGE_STANDARD = "gnu++20";
				CLANG_ENABLE_MODULES = YES;
				CLANG_ENABLE_OBJC_ARC = YES;
				CLANG_ENABLE_OBJC_WEAK = YES;
				CLANG_WARN_BLOCK_CAPTURE_AUTORELEASING = YES;
				CLANG_WARN_BOOL_CONVERSION = YES;
				CLANG_WARN_COMMA = YES;
				CLANG_WARN_CONSTANT_CONVERSION = YES;
				CLANG_WARN_DEPRECATED_OBJC_IMPLEMENTATIONS = YES;
				CLANG_WARN_DIRECT_OBJC_ISA_USAGE = YES_ERROR;
				CLANG_WARN_DOCUMENTATION_COMMENTS = YES;
				CLANG_WARN_EMPTY_BODY = YES;
				CLANG_WARN_ENUM_CONVERSION = YES;
				CLANG_WARN_INFINITE_RECURSION = YES;
				CLANG_WARN_INT_CONVERSION = YES;
				CLANG_WARN_NON_LITERAL_NULL_CONVERSION = YES;
				CLANG_WARN_OBJC_IMPLICIT_RETAIN_SELF = YES;
				CLANG_WARN_OBJC_LITERAL_CONVERSION = YES;
				CLANG_WARN_OBJC_ROOT_CLASS = YES_ERROR;
				CLANG_WARN_QUOTED_INCLUDE_IN_FRAMEWORK_HEADER = YES;
				CLANG_WARN_RANGE_LOOP_ANALYSIS = YES;
				CLANG_WARN_STRICT_PROTOTYPES = YES;
				CLANG_WARN_SUSPICIOUS_MOVE = YES;
				CLANG_WARN_UNGUARDED_AVAILABILITY = YES_AGGRESSIVE;
				CLANG_WARN_UNREACHABLE_CODE = YES;
				CLANG_WARN__DUPLICATE_METHOD_MATCH = YES;
				COPY_PHASE_STRIP = NO;
				DEBUG_INFORMATION_FORMAT = "dwarf-with-dsym";
				ENABLE_NS_ASSERTIONS = NO;
				ENABLE_STRICT_OBJC_MSGSEND = YES;
				GCC_C_LANGUAGE_STANDARD = gnu11;
				GCC_NO_COMMON_BLOCKS = YES;
				GCC_WARN_64_TO_32_BIT_CONVERSION = YES;
				GCC_WARN_ABOUT_RETURN_TYPE = YES_ERROR;
				GCC_WARN_UNDECLARED_SELECTOR = YES;
				GCC_WARN_UNINITIALIZED_AUTOS = YES_AGGRESSIVE;
				GCC_WARN_UNUSED_FUNCTION = YES;
				GCC_WARN_UNUSED_VARIABLE = YES;
				IPHONEOS_DEPLOYMENT_TARGET = 16.4;
				MTL_ENABLE_DEBUG_INFO = NO;
				MTL_FAST_MATH = YES;
				SDKROOT = iphoneos;
				SWIFT_COMPILATION_MODE = wholemodule;
				SWIFT_OPTIMIZATION_LEVEL = "-O";
				VALIDATE_PRODUCT = YES;
			};
			name = Release;
		};
		8066DC872AA9DFBA003EB4B6 /* Debug */ = {
			isa = XCBuildConfiguration;
			buildSettings = {
				ASSETCATALOG_COMPILER_APPICON_NAME = AppIcon;
				ASSETCATALOG_COMPILER_GLOBAL_ACCENT_COLOR_NAME = AccentColor;
				CODE_SIGN_STYLE = Automatic;
				CURRENT_PROJECT_VERSION = 1;
				GENERATE_INFOPLIST_FILE = YES;
				INFOPLIST_FILE = secondRecapAssignment/Info.plist;
				INFOPLIST_KEY_UIApplicationSupportsIndirectInputEvents = YES;
				INFOPLIST_KEY_UILaunchStoryboardName = LaunchScreen;
				INFOPLIST_KEY_UIMainStoryboardFile = Main;
				INFOPLIST_KEY_UISupportedInterfaceOrientations = UIInterfaceOrientationPortrait;
				INFOPLIST_KEY_UISupportedInterfaceOrientations_iPad = "UIInterfaceOrientationLandscapeLeft UIInterfaceOrientationLandscapeRight UIInterfaceOrientationPortrait UIInterfaceOrientationPortraitUpsideDown";
				IPHONEOS_DEPLOYMENT_TARGET = 13.0;
				LD_RUNPATH_SEARCH_PATHS = (
					"$(inherited)",
					"@executable_path/Frameworks",
				);
				MARKETING_VERSION = 1.0;
				PRODUCT_BUNDLE_IDENTIFIER = com.Han.secondRecapAssignment;
				PRODUCT_NAME = "$(TARGET_NAME)";
				SUPPORTED_PLATFORMS = "iphoneos iphonesimulator";
				SUPPORTS_MACCATALYST = NO;
				SUPPORTS_MAC_DESIGNED_FOR_IPHONE_IPAD = NO;
				SWIFT_EMIT_LOC_STRINGS = YES;
				SWIFT_VERSION = 5.0;
				TARGETED_DEVICE_FAMILY = 1;
			};
			name = Debug;
		};
		8066DC882AA9DFBA003EB4B6 /* Release */ = {
			isa = XCBuildConfiguration;
			buildSettings = {
				ASSETCATALOG_COMPILER_APPICON_NAME = AppIcon;
				ASSETCATALOG_COMPILER_GLOBAL_ACCENT_COLOR_NAME = AccentColor;
				CODE_SIGN_STYLE = Automatic;
				CURRENT_PROJECT_VERSION = 1;
				GENERATE_INFOPLIST_FILE = YES;
				INFOPLIST_FILE = secondRecapAssignment/Info.plist;
				INFOPLIST_KEY_UIApplicationSupportsIndirectInputEvents = YES;
				INFOPLIST_KEY_UILaunchStoryboardName = LaunchScreen;
				INFOPLIST_KEY_UIMainStoryboardFile = Main;
				INFOPLIST_KEY_UISupportedInterfaceOrientations = UIInterfaceOrientationPortrait;
				INFOPLIST_KEY_UISupportedInterfaceOrientations_iPad = "UIInterfaceOrientationLandscapeLeft UIInterfaceOrientationLandscapeRight UIInterfaceOrientationPortrait UIInterfaceOrientationPortraitUpsideDown";
				IPHONEOS_DEPLOYMENT_TARGET = 13.0;
				LD_RUNPATH_SEARCH_PATHS = (
					"$(inherited)",
					"@executable_path/Frameworks",
				);
				MARKETING_VERSION = 1.0;
				PRODUCT_BUNDLE_IDENTIFIER = com.Han.secondRecapAssignment;
				PRODUCT_NAME = "$(TARGET_NAME)";
				SUPPORTED_PLATFORMS = "iphoneos iphonesimulator";
				SUPPORTS_MACCATALYST = NO;
				SUPPORTS_MAC_DESIGNED_FOR_IPHONE_IPAD = NO;
				SWIFT_EMIT_LOC_STRINGS = YES;
				SWIFT_VERSION = 5.0;
				TARGETED_DEVICE_FAMILY = 1;
			};
			name = Release;
		};
/* End XCBuildConfiguration section */

/* Begin XCConfigurationList section */
		8066DC6D2AA9DFB9003EB4B6 /* Build configuration list for PBXProject "secondRecapAssignment" */ = {
			isa = XCConfigurationList;
			buildConfigurations = (
				8066DC842AA9DFBA003EB4B6 /* Debug */,
				8066DC852AA9DFBA003EB4B6 /* Release */,
			);
			defaultConfigurationIsVisible = 0;
			defaultConfigurationName = Release;
		};
		8066DC862AA9DFBA003EB4B6 /* Build configuration list for PBXNativeTarget "secondRecapAssignment" */ = {
			isa = XCConfigurationList;
			buildConfigurations = (
				8066DC872AA9DFBA003EB4B6 /* Debug */,
				8066DC882AA9DFBA003EB4B6 /* Release */,
			);
			defaultConfigurationIsVisible = 0;
			defaultConfigurationName = Release;
		};
/* End XCConfigurationList section */

/* Begin XCRemoteSwiftPackageReference section */
		8066DCAF2AAC4DF6003EB4B6 /* XCRemoteSwiftPackageReference "realm-swift" */ = {
			isa = XCRemoteSwiftPackageReference;
			repositoryURL = "https://github.com/realm/realm-swift.git";
			requirement = {
				branch = master;
				kind = branch;
			};
		};
/* End XCRemoteSwiftPackageReference section */

/* Begin XCSwiftPackageProductDependency section */
		8066DCB02AAC4DF6003EB4B6 /* Realm */ = {
			isa = XCSwiftPackageProductDependency;
			package = 8066DCAF2AAC4DF6003EB4B6 /* XCRemoteSwiftPackageReference "realm-swift" */;
			productName = Realm;
		};
		8066DCB22AAC4DF6003EB4B6 /* RealmSwift */ = {
			isa = XCSwiftPackageProductDependency;
			package = 8066DCAF2AAC4DF6003EB4B6 /* XCRemoteSwiftPackageReference "realm-swift" */;
			productName = RealmSwift;
		};
/* End XCSwiftPackageProductDependency section */
	};
	rootObject = 8066DC6A2AA9DFB9003EB4B6 /* Project object */;
}
